// !$*UTF8*$!
{
	archiveVersion = 1;
	classes = {
	};
	objectVersion = 77;
	objects = {

/* Begin PBXBuildFile section */
		D89763B3304AC50500FC44A5 /* AppDelegate.swift in Sources */ = {isa = PBXBuildFile; fileRef = D89763B2304AC50500FC44A5 /* AppDelegate.swift */; };
		D89763B7304AC50500FC44A5 /* Main.html in Resources */ = {isa = PBXBuildFile; fileRef = D89763B5304AC50500FC44A5 /* Main.html */; };
		D89763B9304AC50500FC44A5 /* Icon.png in Resources */ = {isa = PBXBuildFile; fileRef = D89763B8304AC50500FC44A5 /* Icon.png */; };
		D89763BB304AC50500FC44A5 /* Style.css in Resources */ = {isa = PBXBuildFile; fileRef = D89763BA304AC50500FC44A5 /* Style.css */; };
		D89763BD304AC50500FC44A5 /* Script.js in Resources */ = {isa = PBXBuildFile; fileRef = D89763BC304AC50500FC44A5 /* Script.js */; };
		D89763BF304AC50500FC44A5 /* ViewController.swift in Sources */ = {isa = PBXBuildFile; fileRef = D89763BE304AC50500FC44A5 /* ViewController.swift */; };
		D89763C2304AC50500FC44A5 /* Main.storyboard in Resources */ = {isa = PBXBuildFile; fileRef = D89763C0304AC50500FC44A5 /* Main.storyboard */; };
		D89763C4304AC50600FC44A5 /* Assets.xcassets in Resources */ = {isa = PBXBuildFile; fileRef = D89763C3304AC50600FC44A5 /* Assets.xcassets */; };
		D89763CB304AC50600FC44A5 /* CHMURadarClassicSafari Extension.appex in Embed Foundation Extensions */ = {isa = PBXBuildFile; fileRef = D89763CA304AC50600FC44A5 /* CHMURadarClassicSafari Extension.appex */; settings = {ATTRIBUTES = (RemoveHeadersOnCopy, ); }; };
		D89763D0304AC50600FC44A5 /* SafariWebExtensionHandler.swift in Sources */ = {isa = PBXBuildFile; fileRef = D89763CF304AC50600FC44A5 /* SafariWebExtensionHandler.swift */; };
		D89763E2304AC50600FC44A5 /* popup.js in Resources */ = {isa = PBXBuildFile; fileRef = D89763DC304AC50600FC44A5 /* popup.js */; };
		D89763E3304AC50600FC44A5 /* classic.css in Resources */ = {isa = PBXBuildFile; fileRef = D89763DD304AC50600FC44A5 /* classic.css */; };
		D89763E4304AC50600FC44A5 /* popup.html in Resources */ = {isa = PBXBuildFile; fileRef = D89763DE304AC50600FC44A5 /* popup.html */; };
		D89763E5304AC50600FC44A5 /* manifest.json in Resources */ = {isa = PBXBuildFile; fileRef = D89763DF304AC50600FC44A5 /* manifest.json */; };
		D89763E6304AC50600FC44A5 /* popup.css in Resources */ = {isa = PBXBuildFile; fileRef = D89763E0304AC50600FC44A5 /* popup.css */; };
		D89763E7304AC50600FC44A5 /* content.js in Resources */ = {isa = PBXBuildFile; fileRef = D89763E1304AC50600FC44A5 /* content.js */; };
		A10000000000000000000001 /* satellite.js in Resources */ = {isa = PBXBuildFile; fileRef = A10000000000000000000003 /* satellite.js */; };
		A10000000000000000000002 /* satellite.css in Resources */ = {isa = PBXBuildFile; fileRef = A10000000000000000000004 /* satellite.css */; };
		A10000000000000000000005 /* catalog.js in Resources */ = {isa = PBXBuildFile; fileRef = A10000000000000000000009 /* catalog.js */; };
		A10000000000000000000006 /* catalog.css in Resources */ = {isa = PBXBuildFile; fileRef = A1000000000000000000000A /* catalog.css */; };
		A10000000000000000000007 /* legacy.js in Resources */ = {isa = PBXBuildFile; fileRef = A1000000000000000000000B /* legacy.js */; };
		A10000000000000000000008 /* legacy.css in Resources */ = {isa = PBXBuildFile; fileRef = A1000000000000000000000C /* legacy.css */; };
/* End PBXBuildFile section */

/* Begin PBXContainerItemProxy section */
		D89763CC304AC50600FC44A5 /* PBXContainerItemProxy */ = {
			isa = PBXContainerItemProxy;
			containerPortal = D89763A7304AC50500FC44A5 /* Project object */;
			proxyType = 1;
			remoteGlobalIDString = D89763C9304AC50600FC44A5;
			remoteInfo = "CHMURadarClassicSafari Extension";
		};
/* End PBXContainerItemProxy section */

/* Begin PBXCopyFilesBuildPhase section */
		D89763D7304AC50600FC44A5 /* Embed Foundation Extensions */ = {
			isa = PBXCopyFilesBuildPhase;
			buildActionMask = 2147483647;
			dstPath = "";
			dstSubfolderSpec = 13;
			files = (
				D89763CB304AC50600FC44A5 /* CHMURadarClassicSafari Extension.appex in Embed Foundation Extensions */,
			);
			name = "Embed Foundation Extensions";
			runOnlyForDeploymentPostprocessing = 0;
		};
/* End PBXCopyFilesBuildPhase section */

/* Begin PBXFileReference section */
		D89763AF304AC50500FC44A5 /* CHMURadarClassicSafari.app */ = {isa = PBXFileReference; explicitFileType = wrapper.application; includeInIndex = 0; path = CHMURadarClassicSafari.app; sourceTree = BUILT_PRODUCTS_DIR; };
		D89763B2304AC50500FC44A5 /* AppDelegate.swift */ = {isa = PBXFileReference; lastKnownFileType = sourcecode.swift; path = AppDelegate.swift; sourceTree = "<group>"; };
		D89763B6304AC50500FC44A5 /* Base */ = {isa = PBXFileReference; lastKnownFileType = text.html; name = Base; path = Base.lproj/Main.html; sourceTree = "<group>"; };
		D89763B8304AC50500FC44A5 /* Icon.png */ = {isa = PBXFileReference; lastKnownFileType = image.png; path = Icon.png; sourceTree = "<group>"; };
		D89763BA304AC50500FC44A5 /* Style.css */ = {isa = PBXFileReference; lastKnownFileType = text.css; path = Style.css; sourceTree = "<group>"; };
		D89763BC304AC50500FC44A5 /* Script.js */ = {isa = PBXFileReference; lastKnownFileType = sourcecode.javascript; path = Script.js; sourceTree = "<group>"; };
		D89763BE304AC50500FC44A5 /* ViewController.swift */ = {isa = PBXFileReference; lastKnownFileType = sourcecode.swift; path = ViewController.swift; sourceTree = "<group>"; };
		D89763C1304AC50500FC44A5 /* Base */ = {isa = PBXFileReference; lastKnownFileType = file.storyboard; name = Base; path = Base.lproj/Main.storyboard; sourceTree = "<group>"; };
		D89763C3304AC50600FC44A5 /* Assets.xcassets */ = {isa = PBXFileReference; lastKnownFileType = folder.assetcatalog; path = Assets.xcassets; sourceTree = "<group>"; };
		D89763C5304AC50600FC44A5 /* Info.plist */ = {isa = PBXFileReference; lastKnownFileType = text.plist.xml; path = Info.plist; sourceTree = "<group>"; };
		D89763CA304AC50600FC44A5 /* CHMURadarClassicSafari Extension.appex */ = {isa = PBXFileReference; explicitFileType = "wrapper.app-extension"; includeInIndex = 0; path = "CHMURadarClassicSafari Extension.appex"; sourceTree = BUILT_PRODUCTS_DIR; };
		D89763CF304AC50600FC44A5 /* SafariWebExtensionHandler.swift */ = {isa = PBXFileReference; lastKnownFileType = sourcecode.swift; path = SafariWebExtensionHandler.swift; sourceTree = "<group>"; };
		D89763D1304AC50600FC44A5 /* Info.plist */ = {isa = PBXFileReference; lastKnownFileType = text.plist.xml; path = Info.plist; sourceTree = "<group>"; };
		D89763DC304AC50600FC44A5 /* popup.js */ = {isa = PBXFileReference; lastKnownFileType = sourcecode.javascript; name = popup.js; path = Resources/popup.js; sourceTree = "<group>"; };
		D89763DD304AC50600FC44A5 /* classic.css */ = {isa = PBXFileReference; lastKnownFileType = text.css; name = classic.css; path = Resources/classic.css; sourceTree = "<group>"; };
		D89763DE304AC50600FC44A5 /* popup.html */ = {isa = PBXFileReference; lastKnownFileType = text.html; name = popup.html; path = Resources/popup.html; sourceTree = "<group>"; };
		D89763DF304AC50600FC44A5 /* manifest.json */ = {isa = PBXFileReference; lastKnownFileType = text.json; name = manifest.json; path = Resources/manifest.json; sourceTree = "<group>"; };
		D89763E0304AC50600FC44A5 /* popup.css */ = {isa = PBXFileReference; lastKnownFileType = text.css; name = popup.css; path = Resources/popup.css; sourceTree = "<group>"; };
		D89763E1304AC50600FC44A5 /* content.js */ = {isa = PBXFileReference; lastKnownFileType = sourcecode.javascript; name = content.js; path = Resources/content.js; sourceTree = "<group>"; };
		A10000000000000000000003 /* satellite.js */ = {isa = PBXFileReference; lastKnownFileType = sourcecode.javascript; name = satellite.js; path = Resources/satellite.js; sourceTree = "<group>"; };
		A10000000000000000000004 /* satellite.css */ = {isa = PBXFileReference; lastKnownFileType = text.css; name = satellite.css; path = Resources/satellite.css; sourceTree = "<group>"; };
		A10000000000000000000009 /* catalog.js */ = {isa = PBXFileReference; lastKnownFileType = sourcecode.javascript; name = catalog.js; path = Resources/catalog.js; sourceTree = "<group>"; };
		A1000000000000000000000A /* catalog.css */ = {isa = PBXFileReference; lastKnownFileType = text.css; name = catalog.css; path = Resources/catalog.css; sourceTree = "<group>"; };
		A1000000000000000000000B /* legacy.js */ = {isa = PBXFileReference; lastKnownFileType = sourcecode.javascript; name = legacy.js; path = Resources/legacy.js; sourceTree = "<group>"; };
		A1000000000000000000000C /* legacy.css */ = {isa = PBXFileReference; lastKnownFileType = text.css; name = legacy.css; path = Resources/legacy.css; sourceTree = "<group>"; };
/* End PBXFileReference section */

/* Begin PBXFrameworksBuildPhase section */
		D89763AC304AC50500FC44A5 /* Frameworks */ = {
			isa = PBXFrameworksBuildPhase;
			buildActionMask = 2147483647;
			files = (
			);
			runOnlyForDeploymentPostprocessing = 0;
		};
		D89763C7304AC50600FC44A5 /* Frameworks */ = {
			isa = PBXFrameworksBuildPhase;
			buildActionMask = 2147483647;
			files = (
			);
			runOnlyForDeploymentPostprocessing = 0;
		};
/* End PBXFrameworksBuildPhase section */

/* Begin PBXGroup section */
		D89763A6304AC50500FC44A5 = {
			isa = PBXGroup;
			children = (
				D89763B1304AC50500FC44A5 /* CHMURadarClassicSafari */,
				D89763CE304AC50600FC44A5 /* CHMURadarClassicSafari Extension */,
				D89763B0304AC50500FC44A5 /* Products */,
			);
			sourceTree = "<group>";
		};
		D89763B0304AC50500FC44A5 /* Products */ = {
			isa = PBXGroup;
			children = (
				D89763AF304AC50500FC44A5 /* CHMURadarClassicSafari.app */,
				D89763CA304AC50600FC44A5 /* CHMURadarClassicSafari Extension.appex */,
			);
			name = Products;
			sourceTree = "<group>";
		};
		D89763B1304AC50500FC44A5 /* CHMURadarClassicSafari */ = {
			isa = PBXGroup;
			children = (
				D89763B2304AC50500FC44A5 /* AppDelegate.swift */,
				D89763BE304AC50500FC44A5 /* ViewController.swift */,
				D89763C0304AC50500FC44A5 /* Main.storyboard */,
				D89763C3304AC50600FC44A5 /* Assets.xcassets */,
				D89763C5304AC50600FC44A5 /* Info.plist */,
				D89763B4304AC50500FC44A5 /* Resources */,
			);
			path = CHMURadarClassicSafari;
			sourceTree = "<group>";
		};
		D89763B4304AC50500FC44A5 /* Resources */ = {
			isa = PBXGroup;
			children = (
				D89763B5304AC50500FC44A5 /* Main.html */,
				D89763B8304AC50500FC44A5 /* Icon.png */,
				D89763BA304AC50500FC44A5 /* Style.css */,
				D89763BC304AC50500FC44A5 /* Script.js */,
			);
			path = Resources;
			sourceTree = "<group>";
		};
		D89763CE304AC50600FC44A5 /* CHMURadarClassicSafari Extension */ = {
			isa = PBXGroup;
			children = (
				D89763DB304AC50600FC44A5 /* Resources */,
				D89763CF304AC50600FC44A5 /* SafariWebExtensionHandler.swift */,
				D89763D1304AC50600FC44A5 /* Info.plist */,
			);
			path = "CHMURadarClassicSafari Extension";
			sourceTree = "<group>";
		};
		D89763DB304AC50600FC44A5 /* Resources */ = {
			isa = PBXGroup;
			children = (
				D89763DC304AC50600FC44A5 /* popup.js */,
				D89763DD304AC50600FC44A5 /* classic.css */,
				D89763DE304AC50600FC44A5 /* popup.html */,
				D89763DF304AC50600FC44A5 /* manifest.json */,
				D89763E0304AC50600FC44A5 /* popup.css */,
				D89763E1304AC50600FC44A5 /* content.js */,
				A10000000000000000000003 /* satellite.js */,
				A10000000000000000000004 /* satellite.css */,
				A10000000000000000000009 /* catalog.js */,
				A1000000000000000000000A /* catalog.css */,
				A1000000000000000000000B /* legacy.js */,
				A1000000000000000000000C /* legacy.css */,
			);
			name = Resources;
			path = "CHMURadarClassicSafari Extension";
			sourceTree = SOURCE_ROOT;
		};
/* End PBXGroup section */

/* Begin PBXNativeTarget section */
		D89763AE304AC50500FC44A5 /* CHMURadarClassicSafari */ = {
			isa = PBXNativeTarget;
			buildConfigurationList = D89763D8304AC50600FC44A5 /* Build configuration list for PBXNativeTarget "CHMURadarClassicSafari" */;
			buildPhases = (
				D89763AB304AC50500FC44A5 /* Sources */,
				D89763AC304AC50500FC44A5 /* Frameworks */,
				D89763AD304AC50500FC44A5 /* Resources */,
				D89763D7304AC50600FC44A5 /* Embed Foundation Extensions */,
			);
			buildRules = (
			);
			dependencies = (
				D89763CD304AC50600FC44A5 /* PBXTargetDependency */,
			);
			name = CHMURadarClassicSafari;
			packageProductDependencies = (
			);
			productName = CHMURadarClassicSafari;
			productReference = D89763AF304AC50500FC44A5 /* CHMURadarClassicSafari.app */;
			productType = "com.apple.product-type.application";
		};
		D89763C9304AC50600FC44A5 /* CHMURadarClassicSafari Extension */ = {
			isa = PBXNativeTarget;
			buildConfigurationList = D89763D4304AC50600FC44A5 /* Build configuration list for PBXNativeTarget "CHMURadarClassicSafari Extension" */;
			buildPhases = (
				D89763C6304AC50600FC44A5 /* Sources */,
				D89763C7304AC50600FC44A5 /* Frameworks */,
				D89763C8304AC50600FC44A5 /* Resources */,
			);
			buildRules = (
			);
			dependencies = (
			);
			name = "CHMURadarClassicSafari Extension";
			packageProductDependencies = (
			);
			productName = "CHMURadarClassicSafari Extension";
			productReference = D89763CA304AC50600FC44A5 /* CHMURadarClassicSafari Extension.appex */;
			productType = "com.apple.product-type.app-extension";
		};
/* End PBXNativeTarget section */

/* Begin PBXProject section */
		D89763A7304AC50500FC44A5 /* Project object */ = {
			isa = PBXProject;
			attributes = {
				BuildIndependentTargetsInParallel = 1;
				LastSwiftUpdateCheck = 2660;
				LastUpgradeCheck = 2660;
				TargetAttributes = {
					D89763AE304AC50500FC44A5 = {
						CreatedOnToolsVersion = 26.6;
					};
					D89763C9304AC50600FC44A5 = {
						CreatedOnToolsVersion = 26.6;
					};
				};
			};
			buildConfigurationList = D89763AA304AC50500FC44A5 /* Build configuration list for PBXProject "CHMURadarClassicSafari" */;
			developmentRegion = en;
			hasScannedForEncodings = 0;
			knownRegions = (
				en,
				Base,
			);
			mainGroup = D89763A6304AC50500FC44A5;
			minimizedProjectReferenceProxies = 1;
			preferredProjectObjectVersion = 77;
			productRefGroup = D89763B0304AC50500FC44A5 /* Products */;
			projectDirPath = "";
			projectRoot = "";
			targets = (
				D89763AE304AC50500FC44A5 /* CHMURadarClassicSafari */,
				D89763C9304AC50600FC44A5 /* CHMURadarClassicSafari Extension */,
			);
		};
/* End PBXProject section */

/* Begin PBXResourcesBuildPhase section */
		D89763AD304AC50500FC44A5 /* Resources */ = {
			isa = PBXResourcesBuildPhase;
			buildActionMask = 2147483647;
			files = (
				D89763B9304AC50500FC44A5 /* Icon.png in Resources */,
				D89763C2304AC50500FC44A5 /* Main.storyboard in Resources */,
				D89763BD304AC50500FC44A5 /* Script.js in Resources */,
				D89763B7304AC50500FC44A5 /* Main.html in Resources */,
				D89763C4304AC50600FC44A5 /* Assets.xcassets in Resources */,
				D89763BB304AC50500FC44A5 /* Style.css in Resources */,
			);
			runOnlyForDeploymentPostprocessing = 0;
		};
		D89763C8304AC50600FC44A5 /* Resources */ = {
			isa = PBXResourcesBuildPhase;
			buildActionMask = 2147483647;
			files = (
				D89763E7304AC50600FC44A5 /* content.js in Resources */,
				D89763E6304AC50600FC44A5 /* popup.css in Resources */,
				D89763E5304AC50600FC44A5 /* manifest.json in Resources */,
				D89763E3304AC50600FC44A5 /* classic.css in Resources */,
				D89763E4304AC50600FC44A5 /* popup.html in Resources */,
				D89763E2304AC50600FC44A5 /* popup.js in Resources */,
				A10000000000000000000001 /* satellite.js in Resources */,
				A10000000000000000000002 /* satellite.css in Resources */,
				A10000000000000000000005 /* catalog.js in Resources */,
				A10000000000000000000006 /* catalog.css in Resources */,
				A10000000000000000000007 /* legacy.js in Resources */,
				A10000000000000000000008 /* legacy.css in Resources */,
			);
			runOnlyForDeploymentPostprocessing = 0;
		};
/* End PBXResourcesBuildPhase section */

/* Begin PBXSourcesBuildPhase section */
		D89763AB304AC50500FC44A5 /* Sources */ = {
			isa = PBXSourcesBuildPhase;
			buildActionMask = 2147483647;
			files = (
				D89763BF304AC50500FC44A5 /* ViewController.swift in Sources */,
				D89763B3304AC50500FC44A5 /* AppDelegate.swift in Sources */,
			);
			runOnlyForDeploymentPostprocessing = 0;
		};
		D89763C6304AC50600FC44A5 /* Sources */ = {
			isa = PBXSourcesBuildPhase;
			buildActionMask = 2147483647;
			files = (
				D89763D0304AC50600FC44A5 /* SafariWebExtensionHandler.swift in Sources */,
			);
			runOnlyForDeploymentPostprocessing = 0;
		};
/* End PBXSourcesBuildPhase section */

/* Begin PBXTargetDependency section */
		D89763CD304AC50600FC44A5 /* PBXTargetDependency */ = {
			isa = PBXTargetDependency;
			target = D89763C9304AC50600FC44A5 /* CHMURadarClassicSafari Extension */;
			targetProxy = D89763CC304AC50600FC44A5 /* PBXContainerItemProxy */;
		};
/* End PBXTargetDependency section */

/* Begin PBXVariantGroup section */
		D89763B5304AC50500FC44A5 /* Main.html */ = {
			isa = PBXVariantGroup;
			children = (
				D89763B6304AC50500FC44A5 /* Base */,
			);
			name = Main.html;
			sourceTree = "<group>";
		};
		D89763C0304AC50500FC44A5 /* Main.storyboard */ = {
			isa = PBXVariantGroup;
			children = (
				D89763C1304AC50500FC44A5 /* Base */,
			);
			name = Main.storyboard;
			sourceTree = "<group>";
		};
/* End PBXVariantGroup section */

/* Begin XCBuildConfiguration section */
		D89763D2304AC50600FC44A5 /* Debug */ = {
			isa = XCBuildConfiguration;
			buildSettings = {
				ALWAYS_SEARCH_USER_PATHS = NO;
				ASSETCATALOG_COMPILER_GENERATE_SWIFT_ASSET_SYMBOL_EXTENSIONS = YES;
				CLANG_ANALYZER_NONNULL = YES;
				CLANG_ANALYZER_NUMBER_OBJECT_CONVERSION = YES_AGGRESSIVE;
				CLANG_CXX_LANGUAGE_STANDARD = "gnu++20";
				CLANG_ENABLE_MODULES = YES;
				CLANG_ENABLE_OBJC_ARC = YES;
				CLANG_ENABLE_OBJC_WEAK = YES;
				CLANG_WARN_BLOCK_CAPTURE_AUTORELEASING = YES;
				CLANG_WARN_BOOL_CONVERSION = YES;
				CLANG_WARN_COMMA = YES;
				CLANG_WARN_CONSTANT_CONVERSION = YES;
				CLANG_WARN_DEPRECATED_OBJC_IMPLEMENTATIONS = YES;
				CLANG_WARN_DIRECT_OBJC_ISA_USAGE = YES_ERROR;
				CLANG_WARN_DOCUMENTATION_COMMENTS = YES;
				CLANG_WARN_EMPTY_BODY = YES;
				CLANG_WARN_ENUM_CONVERSION = YES;
				CLANG_WARN_INFINITE_RECURSION = YES;
				CLANG_WARN_INT_CONVERSION = YES;
				CLANG_WARN_NON_LITERAL_NULL_CONVERSION = YES;
				CLANG_WARN_OBJC_IMPLICIT_RETAIN_SELF = YES;
				CLANG_WARN_OBJC_LITERAL_CONVERSION = YES;
				CLANG_WARN_OBJC_ROOT_CLASS = YES_ERROR;
				CLANG_WARN_QUOTED_INCLUDE_IN_FRAMEWORK_HEADER = YES;
				CLANG_WARN_RANGE_LOOP_ANALYSIS = YES;
				CLANG_WARN_STRICT_PROTOTYPES = YES;
				CLANG_WARN_SUSPICIOUS_MOVE = YES;
				CLANG_WARN_UNGUARDED_AVAILABILITY = YES_AGGRESSIVE;
				CLANG_WARN_UNREACHABLE_CODE = YES;
				CLANG_WARN__DUPLICATE_METHOD_MATCH = YES;
				COPY_PHASE_STRIP = NO;
				DEBUG_INFORMATION_FORMAT = dwarf;
				ENABLE_STRICT_OBJC_MSGSEND = YES;
				ENABLE_TESTABILITY = YES;
				ENABLE_USER_SCRIPT_SANDBOXING = YES;
				GCC_C_LANGUAGE_STANDARD = gnu17;
				GCC_DYNAMIC_NO_PIC = NO;
				GCC_NO_COMMON_BLOCKS = YES;
				GCC_OPTIMIZATION_LEVEL = 0;
				GCC_PREPROCESSOR_DEFINITIONS = (
					"DEBUG=1",
					"$(inherited)",
				);
				GCC_WARN_64_TO_32_BIT_CONVERSION = YES;
				GCC_WARN_ABOUT_RETURN_TYPE = YES_ERROR;
				GCC_WARN_UNDECLARED_SELECTOR = YES;
				GCC_WARN_UNINITIALIZED_AUTOS = YES_AGGRESSIVE;
				GCC_WARN_UNUSED_FUNCTION = YES;
				GCC_WARN_UNUSED_VARIABLE = YES;
				LOCALIZATION_PREFERS_STRING_CATALOGS = YES;
				MACOSX_DEPLOYMENT_TARGET = 26.5;
				MTL_ENABLE_DEBUG_INFO = INCLUDE_SOURCE;
				MTL_FAST_MATH = YES;
				ONLY_ACTIVE_ARCH = YES;
				SDKROOT = macosx;
				SWIFT_ACTIVE_COMPILATION_CONDITIONS = "DEBUG $(inherited)";
				SWIFT_OPTIMIZATION_LEVEL = "-Onone";
			};
			name = Debug;
		};
		D89763D3304AC50600FC44A5 /* Release */ = {
			isa = XCBuildConfiguration;
			buildSettings = {
				ALWAYS_SEARCH_USER_PATHS = NO;
				ASSETCATALOG_COMPILER_GENERATE_SWIFT_ASSET_SYMBOL_EXTENSIONS = YES;
				CLANG_ANALYZER_NONNULL = YES;
				CLANG_ANALYZER_NUMBER_OBJECT_CONVERSION = YES_AGGRESSIVE;
				CLANG_CXX_LANGUAGE_STANDARD = "gnu++20";
				CLANG_ENABLE_MODULES = YES;
				CLANG_ENABLE_OBJC_ARC = YES;
				CLANG_ENABLE_OBJC_WEAK = YES;
				CLANG_WARN_BLOCK_CAPTURE_AUTORELEASING = YES;
				CLANG_WARN_BOOL_CONVERSION = YES;
				CLANG_WARN_COMMA = YES;
				CLANG_WARN_CONSTANT_CONVERSION = YES;
				CLANG_WARN_DEPRECATED_OBJC_IMPLEMENTATIONS = YES;
				CLANG_WARN_DIRECT_OBJC_ISA_USAGE = YES_ERROR;
				CLANG_WARN_DOCUMENTATION_COMMENTS = YES;
				CLANG_WARN_EMPTY_BODY = YES;
				CLANG_WARN_ENUM_CONVERSION = YES;
				CLANG_WARN_INFINITE_RECURSION = YES;
				CLANG_WARN_INT_CONVERSION = YES;
				CLANG_WARN_NON_LITERAL_NULL_CONVERSION = YES;
				CLANG_WARN_OBJC_IMPLICIT_RETAIN_SELF = YES;
				CLANG_WARN_OBJC_LITERAL_CONVERSION = YES;
				CLANG_WARN_OBJC_ROOT_CLASS = YES_ERROR;
				CLANG_WARN_QUOTED_INCLUDE_IN_FRAMEWORK_HEADER = YES;
				CLANG_WARN_RANGE_LOOP_ANALYSIS = YES;
				CLANG_WARN_STRICT_PROTOTYPES = YES;
				CLANG_WARN_SUSPICIOUS_MOVE = YES;
				CLANG_WARN_UNGUARDED_AVAILABILITY = YES_AGGRESSIVE;
				CLANG_WARN_UNREACHABLE_CODE = YES;
				CLANG_WARN__DUPLICATE_METHOD_MATCH = YES;
				COPY_PHASE_STRIP = NO;
				DEBUG_INFORMATION_FORMAT = "dwarf-with-dsym";
				ENABLE_NS_ASSERTIONS = NO;
				ENABLE_STRICT_OBJC_MSGSEND = YES;
				ENABLE_USER_SCRIPT_SANDBOXING = YES;
				GCC_C_LANGUAGE_STANDARD = gnu17;
				GCC_NO_COMMON_BLOCKS = YES;
				GCC_WARN_64_TO_32_BIT_CONVERSION = YES;
				GCC_WARN_ABOUT_RETURN_TYPE = YES_ERROR;
				GCC_WARN_UNDECLARED_SELECTOR = YES;
				GCC_WARN_UNINITIALIZED_AUTOS = YES_AGGRESSIVE;
				GCC_WARN_UNUSED_FUNCTION = YES;
				GCC_WARN_UNUSED_VARIABLE = YES;
				LOCALIZATION_PREFERS_STRING_CATALOGS = YES;
				MACOSX_DEPLOYMENT_TARGET = 26.5;
				MTL_ENABLE_DEBUG_INFO = NO;
				MTL_FAST_MATH = YES;
				SDKROOT = macosx;
				SWIFT_COMPILATION_MODE = wholemodule;
			};
			name = Release;
		};
		D89763D5304AC50600FC44A5 /* Debug */ = {
			isa = XCBuildConfiguration;
			buildSettings = {
				"CODE_SIGN_IDENTITY[sdk=macosx*]" = "-";
				CODE_SIGN_STYLE = Automatic;
				CURRENT_PROJECT_VERSION = 1;
				DEVELOPMENT_TEAM = W5VXQTFTQU;
				ENABLE_APP_SANDBOX = YES;
				ENABLE_HARDENED_RUNTIME = YES;
				ENABLE_USER_SELECTED_FILES = readonly;
				GENERATE_INFOPLIST_FILE = YES;
				INFOPLIST_FILE = "CHMURadarClassicSafari Extension/Info.plist";
				INFOPLIST_KEY_CFBundleDisplayName = "CHMURadarClassicSafari Extension";
				INFOPLIST_KEY_NSHumanReadableCopyright = "";
				LD_RUNPATH_SEARCH_PATHS = (
					"$(inherited)",
					"@executable_path/../Frameworks",
					"@executable_path/../../../../Frameworks",
				);
				MACOSX_DEPLOYMENT_TARGET = 10.14;
				MARKETING_VERSION = 1.0;
				OTHER_LDFLAGS = (
					"-framework",
					SafariServices,
				);
				PRODUCT_BUNDLE_IDENTIFIER = "local.chmi-radar-classic.CHMURadarClassicSafari.Extension";
				PRODUCT_NAME = "$(TARGET_NAME)";
				SKIP_INSTALL = YES;
				STRING_CATALOG_GENERATE_SYMBOLS = YES;
				SWIFT_APPROACHABLE_CONCURRENCY = YES;
				SWIFT_EMIT_LOC_STRINGS = YES;
				SWIFT_UPCOMING_FEATURE_MEMBER_IMPORT_VISIBILITY = YES;
				SWIFT_VERSION = 5.0;
			};
			name = Debug;
		};
		D89763D6304AC50600FC44A5 /* Release */ = {
			isa = XCBuildConfiguration;
			buildSettings = {
				"CODE_SIGN_IDENTITY[sdk=macosx*]" = "-";
				CODE_SIGN_STYLE = Automatic;
				CURRENT_PROJECT_VERSION = 1;
				DEVELOPMENT_TEAM = W5VXQTFTQU;
				ENABLE_APP_SANDBOX = YES;
				ENABLE_HARDENED_RUNTIME = YES;
				ENABLE_USER_SELECTED_FILES = readonly;
				GENERATE_INFOPLIST_FILE = YES;
				INFOPLIST_FILE = "CHMURadarClassicSafari Extension/Info.plist";
				INFOPLIST_KEY_CFBundleDisplayName = "CHMURadarClassicSafari Extension";
				INFOPLIST_KEY_NSHumanReadableCopyright = "";
				LD_RUNPATH_SEARCH_PATHS = (
					"$(inherited)",
					"@executable_path/../Frameworks",
					"@executable_path/../../../../Frameworks",
				);
				MACOSX_DEPLOYMENT_TARGET = 10.14;
				MARKETING_VERSION = 1.0;
				OTHER_LDFLAGS = (
					"-framework",
					SafariServices,
				);
				PRODUCT_BUNDLE_IDENTIFIER = "local.chmi-radar-classic.CHMURadarClassicSafari.Extension";
				PRODUCT_NAME = "$(TARGET_NAME)";
				SKIP_INSTALL = YES;
				STRING_CATALOG_GENERATE_SYMBOLS = YES;
				SWIFT_APPROACHABLE_CONCURRENCY = YES;
				SWIFT_EMIT_LOC_STRINGS = YES;
				SWIFT_UPCOMING_FEATURE_MEMBER_IMPORT_VISIBILITY = YES;
				SWIFT_VERSION = 5.0;
			};
			name = Release;
		};
		D89763D9304AC50600FC44A5 /* Debug */ = {
			isa = XCBuildConfiguration;
			buildSettings = {
				ASSETCATALOG_COMPILER_APPICON_NAME = AppIcon;
				ASSETCATALOG_COMPILER_GLOBAL_ACCENT_COLOR_NAME = AccentColor;
				"CODE_SIGN_IDENTITY[sdk=macosx*]" = "-";
				CODE_SIGN_STYLE = Automatic;
				COMBINE_HIDPI_IMAGES = YES;
				CURRENT_PROJECT_VERSION = 1;
				DEVELOPMENT_TEAM = W5VXQTFTQU;
				ENABLE_APP_SANDBOX = YES;
				ENABLE_HARDENED_RUNTIME = YES;
				ENABLE_OUTGOING_NETWORK_CONNECTIONS = YES;
				ENABLE_USER_SELECTED_FILES = readonly;
				GENERATE_INFOPLIST_FILE = YES;
				INFOPLIST_FILE = CHMURadarClassicSafari/Info.plist;
				INFOPLIST_KEY_CFBundleDisplayName = CHMURadarClassicSafari;
				INFOPLIST_KEY_NSHumanReadableCopyright = "";
				INFOPLIST_KEY_NSMainStoryboardFile = Main;
				INFOPLIST_KEY_NSPrincipalClass = NSApplication;
				LD_RUNPATH_SEARCH_PATHS = (
					"$(inherited)",
					"@executable_path/../Frameworks",
				);
				MARKETING_VERSION = 1.0;
				OTHER_LDFLAGS = (
					"-framework",
					SafariServices,
					"-framework",
					WebKit,
				);
				PRODUCT_BUNDLE_IDENTIFIER = "local.chmi-radar-classic.CHMURadarClassicSafari";
				PRODUCT_NAME = "$(TARGET_NAME)";
				REGISTER_APP_GROUPS = YES;
				STRING_CATALOG_GENERATE_SYMBOLS = YES;
				SWIFT_APPROACHABLE_CONCURRENCY = YES;
				SWIFT_DEFAULT_ACTOR_ISOLATION = MainActor;
				SWIFT_EMIT_LOC_STRINGS = YES;
				SWIFT_UPCOMING_FEATURE_MEMBER_IMPORT_VISIBILITY = YES;
				SWIFT_VERSION = 5.0;
			};
			name = Debug;
		};
		D89763DA304AC50600FC44A5 /* Release */ = {
			isa = XCBuildConfiguration;
			buildSettings = {
				ASSETCATALOG_COMPILER_APPICON_NAME = AppIcon;
				ASSETCATALOG_COMPILER_GLOBAL_ACCENT_COLOR_NAME = AccentColor;
				"CODE_SIGN_IDENTITY[sdk=macosx*]" = "-";
				CODE_SIGN_STYLE = Automatic;
				COMBINE_HIDPI_IMAGES = YES;
				CURRENT_PROJECT_VERSION = 1;
				DEVELOPMENT_TEAM = W5VXQTFTQU;
				ENABLE_APP_SANDBOX = YES;
				ENABLE_HARDENED_RUNTIME = YES;
				ENABLE_OUTGOING_NETWORK_CONNECTIONS = YES;
				ENABLE_USER_SELECTED_FILES = readonly;
				GENERATE_INFOPLIST_FILE = YES;
				INFOPLIST_FILE = CHMURadarClassicSafari/Info.plist;
				INFOPLIST_KEY_CFBundleDisplayName = CHMURadarClassicSafari;
				INFOPLIST_KEY_NSHumanReadableCopyright = "";
				INFOPLIST_KEY_NSMainStoryboardFile = Main;
				INFOPLIST_KEY_NSPrincipalClass = NSApplication;
				LD_RUNPATH_SEARCH_PATHS = (
					"$(inherited)",
					"@executable_path/../Frameworks",
				);
				MARKETING_VERSION = 1.0;
				OTHER_LDFLAGS = (
					"-framework",
					SafariServices,
					"-framework",
					WebKit,
				);
				PRODUCT_BUNDLE_IDENTIFIER = "local.chmi-radar-classic.CHMURadarClassicSafari";
				PRODUCT_NAME = "$(TARGET_NAME)";
				REGISTER_APP_GROUPS = YES;
				STRING_CATALOG_GENERATE_SYMBOLS = YES;
				SWIFT_APPROACHABLE_CONCURRENCY = YES;
				SWIFT_DEFAULT_ACTOR_ISOLATION = MainActor;
				SWIFT_EMIT_LOC_STRINGS = YES;
				SWIFT_UPCOMING_FEATURE_MEMBER_IMPORT_VISIBILITY = YES;
				SWIFT_VERSION = 5.0;
			};
			name = Release;
		};
/* End XCBuildConfiguration section */

/* Begin XCConfigurationList section */
		D89763AA304AC50500FC44A5 /* Build configuration list for PBXProject "CHMURadarClassicSafari" */ = {
			isa = XCConfigurationList;
			buildConfigurations = (
				D89763D2304AC50600FC44A5 /* Debug */,
				D89763D3304AC50600FC44A5 /* Release */,
			);
			defaultConfigurationIsVisible = 0;
			defaultConfigurationName = Release;
		};
		D89763D4304AC50600FC44A5 /* Build configuration list for PBXNativeTarget "CHMURadarClassicSafari Extension" */ = {
			isa = XCConfigurationList;
			buildConfigurations = (
				D89763D5304AC50600FC44A5 /* Debug */,
				D89763D6304AC50600FC44A5 /* Release */,
			);
			defaultConfigurationIsVisible = 0;
			defaultConfigurationName = Release;
		};
		D89763D8304AC50600FC44A5 /* Build configuration list for PBXNativeTarget "CHMURadarClassicSafari" */ = {
			isa = XCConfigurationList;
			buildConfigurations = (
				D89763D9304AC50600FC44A5 /* Debug */,
				D89763DA304AC50600FC44A5 /* Release */,
			);
			defaultConfigurationIsVisible = 0;
			defaultConfigurationName = Release;
		};
/* End XCConfigurationList section */
	};
	rootObject = D89763A7304AC50500FC44A5 /* Project object */;
}
